<Solution>
  <Folder Name="/01 - Library/">
    <Project Path="src/NativeMediator/NativeMediator.csproj" Id="9006fd14-6eab-45af-900d-996f9a7280a3" />
  </Folder>
  <Folder Name="/99 - Tests/">
    <Project Path="tests/NativeMediator.Tests/NativeMediator.Tests.csproj" Id="4a2db9dc-6017-4b45-98a6-e7fbfcc2bcaf" />
  </Folder>
</Solution>
